
Microsoft Visual Studio Solution File, Format Version 12.00
# Visual Studio Version 17
VisualStudioVersion = 17.2.32616.157
MinimumVisualStudioVersion = 10.0.40219.1
Project("{9A19103F-16F7-4668-BE54-9A1E7A4F7556}") = "Gateway.Api", "src\Gateway.Api\Gateway.Api.csproj", "{809F05A5-8ACA-417E-9DFD-881FFC3CC73A}"
EndProject
Project("{2150E333-8FDC-42A3-9474-1A3956D46DE8}") = "Services", "Services", "{836E426D-9065-4CBF-BB4D-88BF1D050CCA}"
EndProject
Project("{9A19103F-16F7-4668-BE54-9A1E7A4F7556}") = "Patient.Api", "src\Services\Patient.Api\Patient.Api.csproj", "{A38E4A2C-B9B7-40EE-9588-A0A35681D0FE}"
EndProject
Project("{E53339B2-1760-4266-BCC7-CA923CBCF16C}") = "docker-compose", "docker-compose.dcproj", "{9BB3966E-FC76-4624-A6D6-C7597922414D}"
EndProject
Global
	GlobalSection(SolutionConfigurationPlatforms) = preSolution
		Debug|Any CPU = Debug|Any CPU
		Release|Any CPU = Release|Any CPU
	EndGlobalSection
	GlobalSection(ProjectConfigurationPlatforms) = postSolution
		{809F05A5-8ACA-417E-9DFD-881FFC3CC73A}.Debug|Any CPU.ActiveCfg = Debug|Any CPU
		{809F05A5-8ACA-417E-9DFD-881FFC3CC73A}.Debug|Any CPU.Build.0 = Debug|Any CPU
		{809F05A5-8ACA-417E-9DFD-881FFC3CC73A}.Release|Any CPU.ActiveCfg = Release|Any CPU
		{809F05A5-8ACA-417E-9DFD-881FFC3CC73A}.Release|Any CPU.Build.0 = Release|Any CPU
		{A38E4A2C-B9B7-40EE-9588-A0A35681D0FE}.Debug|Any CPU.ActiveCfg = Debug|Any CPU
		{A38E4A2C-B9B7-40EE-9588-A0A35681D0FE}.Debug|Any CPU.Build.0 = Debug|Any CPU
		{A38E4A2C-B9B7-40EE-9588-A0A35681D0FE}.Release|Any CPU.ActiveCfg = Release|Any CPU
		{A38E4A2C-B9B7-40EE-9588-A0A35681D0FE}.Release|Any CPU.Build.0 = Release|Any CPU
		{9BB3966E-FC76-4624-A6D6-C7597922414D}.Debug|Any CPU.ActiveCfg = Debug|Any CPU
		{9BB3966E-FC76-4624-A6D6-C7597922414D}.Debug|Any CPU.Build.0 = Debug|Any CPU
		{9BB3966E-FC76-4624-A6D6-C7597922414D}.Release|Any CPU.ActiveCfg = Release|Any CPU
		{9BB3966E-FC76-4624-A6D6-C7597922414D}.Release|Any CPU.Build.0 = Release|Any CPU
	EndGlobalSection
	GlobalSection(SolutionProperties) = preSolution
		HideSolutionNode = FALSE
	EndGlobalSection
	GlobalSection(NestedProjects) = preSolution
		{A38E4A2C-B9B7-40EE-9588-A0A35681D0FE} = {836E426D-9065-4CBF-BB4D-88BF1D050CCA}
	EndGlobalSection
	GlobalSection(ExtensibilityGlobals) = postSolution
		SolutionGuid = {B1C2DBB8-6264-44EF-B180-4AF6EC5016F0}
	EndGlobalSection
EndGlobal
